
Microsoft Visual Studio Solution File, Format Version 12.00
# Visual Studio 14
VisualStudioVersion = 14.0.23107.0
MinimumVisualStudioVersion = 10.0.40219.1
Project("{159641D6-6404-4A2A-AE62-294DE0FE8301}") = "projet_partie1", "projet_partie1\projet_partie1.dtproj", "{CC8FBAE8-ECD3-4F34-B1CC-96C97DB9033C}"
EndProject
Global
	GlobalSection(SolutionConfigurationPlatforms) = preSolution
		Development|Default = Development|Default
	EndGlobalSection
	GlobalSection(ProjectConfigurationPlatforms) = postSolution
		{CC8FBAE8-ECD3-4F34-B1CC-96C97DB9033C}.Development|Default.ActiveCfg = Development
		{CC8FBAE8-ECD3-4F34-B1CC-96C97DB9033C}.Development|Default.Build.0 = Development
	EndGlobalSection
	GlobalSection(SolutionProperties) = preSolution
		HideSolutionNode = FALSE
	EndGlobalSection
EndGlobal
